{
  "name": "dom",
  "lockfileVersion": 3,
  "requires": true,
  "packages": {
    "": {
      "devDependencies": {
        "wepback": "^1.0.0"
      }
    },
    "node_modules/wepback": {
      "version": "1.0.0",
      "resolved": "https://registry.npmjs.org/wepback/-/wepback-1.0.0.tgz",
      "integrity": "sha512-OrZUjmiXK00FeS0BXGADON2NzoflssBb1b9RsbmSitImIfneYPubZkDL9fm0fg/rDy4Vw//pCX2ft636VgyalQ==",
      "deprecated": "Package abandoned, contact support@npmjs.com for more info.",
      "dev": true
    }
  }
}
